
Microsoft Visual Studio Solution File, Format Version 12.00
# Visual Studio Version 16
VisualStudioVersion = 16.0.30804.86
MinimumVisualStudioVersion = 10.0.40219.1
Project("{FAE04EC0-301F-11D3-BF4B-00C04F79EFBC}") = "1-Exerc", "1-Exerc\1-Exerc.csproj", "{79C106DF-8C67-477B-AC67-B326E69729D2}"
EndProject
Global
	GlobalSection(SolutionConfigurationPlatforms) = preSolution
		Debug|Any CPU = Debug|Any CPU
		Release|Any CPU = Release|Any CPU
	EndGlobalSection
	GlobalSection(ProjectConfigurationPlatforms) = postSolution
		{79C106DF-8C67-477B-AC67-B326E69729D2}.Debug|Any CPU.ActiveCfg = Debug|Any CPU
		{79C106DF-8C67-477B-AC67-B326E69729D2}.Debug|Any CPU.Build.0 = Debug|Any CPU
		{79C106DF-8C67-477B-AC67-B326E69729D2}.Release|Any CPU.ActiveCfg = Release|Any CPU
		{79C106DF-8C67-477B-AC67-B326E69729D2}.Release|Any CPU.Build.0 = Release|Any CPU
	EndGlobalSection
	GlobalSection(SolutionProperties) = preSolution
		HideSolutionNode = FALSE
	EndGlobalSection
	GlobalSection(ExtensibilityGlobals) = postSolution
		SolutionGuid = {334D513E-2A03-4DC6-A4AB-99728A2E6D22}
	EndGlobalSection
EndGlobal
