
Microsoft Visual Studio Solution File, Format Version 12.00
# Visual Studio Version 16
VisualStudioVersion = 16.0.30804.86
MinimumVisualStudioVersion = 10.0.40219.1
Project("{FAE04EC0-301F-11D3-BF4B-00C04F79EFBC}") = "7-Exerc", "7-Exerc\7-Exerc.csproj", "{B1166C9E-F8C7-4A31-B983-48D07BE553DB}"
EndProject
Global
	GlobalSection(SolutionConfigurationPlatforms) = preSolution
		Debug|Any CPU = Debug|Any CPU
		Release|Any CPU = Release|Any CPU
	EndGlobalSection
	GlobalSection(ProjectConfigurationPlatforms) = postSolution
		{B1166C9E-F8C7-4A31-B983-48D07BE553DB}.Debug|Any CPU.ActiveCfg = Debug|Any CPU
		{B1166C9E-F8C7-4A31-B983-48D07BE553DB}.Debug|Any CPU.Build.0 = Debug|Any CPU
		{B1166C9E-F8C7-4A31-B983-48D07BE553DB}.Release|Any CPU.ActiveCfg = Release|Any CPU
		{B1166C9E-F8C7-4A31-B983-48D07BE553DB}.Release|Any CPU.Build.0 = Release|Any CPU
	EndGlobalSection
	GlobalSection(SolutionProperties) = preSolution
		HideSolutionNode = FALSE
	EndGlobalSection
	GlobalSection(ExtensibilityGlobals) = postSolution
		SolutionGuid = {2E6CAA72-D3C9-49BD-B7B9-E2501F46153A}
	EndGlobalSection
EndGlobal
