
Microsoft Visual Studio Solution File, Format Version 12.00
# Visual Studio Version 16
VisualStudioVersion = 16.0.30804.86
MinimumVisualStudioVersion = 10.0.40219.1
Project("{FAE04EC0-301F-11D3-BF4B-00C04F79EFBC}") = "4-Exerc", "4-Exerc\4-Exerc.csproj", "{5A5924A8-E98B-4210-87AA-D657F7B86EDE}"
EndProject
Global
	GlobalSection(SolutionConfigurationPlatforms) = preSolution
		Debug|Any CPU = Debug|Any CPU
		Release|Any CPU = Release|Any CPU
	EndGlobalSection
	GlobalSection(ProjectConfigurationPlatforms) = postSolution
		{5A5924A8-E98B-4210-87AA-D657F7B86EDE}.Debug|Any CPU.ActiveCfg = Debug|Any CPU
		{5A5924A8-E98B-4210-87AA-D657F7B86EDE}.Debug|Any CPU.Build.0 = Debug|Any CPU
		{5A5924A8-E98B-4210-87AA-D657F7B86EDE}.Release|Any CPU.ActiveCfg = Release|Any CPU
		{5A5924A8-E98B-4210-87AA-D657F7B86EDE}.Release|Any CPU.Build.0 = Release|Any CPU
	EndGlobalSection
	GlobalSection(SolutionProperties) = preSolution
		HideSolutionNode = FALSE
	EndGlobalSection
	GlobalSection(ExtensibilityGlobals) = postSolution
		SolutionGuid = {03B9B09F-7E77-49B1-9EE9-78404FCD1F89}
	EndGlobalSection
EndGlobal
