
Microsoft Visual Studio Solution File, Format Version 12.00
# Visual Studio Version 16
VisualStudioVersion = 16.0.30804.86
MinimumVisualStudioVersion = 10.0.40219.1
Project("{FAE04EC0-301F-11D3-BF4B-00C04F79EFBC}") = "2-Exerc", "2-Exerc\2-Exerc.csproj", "{C390CCE7-1F76-4F2B-9749-0EEE5FC8576E}"
EndProject
Global
	GlobalSection(SolutionConfigurationPlatforms) = preSolution
		Debug|Any CPU = Debug|Any CPU
		Release|Any CPU = Release|Any CPU
	EndGlobalSection
	GlobalSection(ProjectConfigurationPlatforms) = postSolution
		{C390CCE7-1F76-4F2B-9749-0EEE5FC8576E}.Debug|Any CPU.ActiveCfg = Debug|Any CPU
		{C390CCE7-1F76-4F2B-9749-0EEE5FC8576E}.Debug|Any CPU.Build.0 = Debug|Any CPU
		{C390CCE7-1F76-4F2B-9749-0EEE5FC8576E}.Release|Any CPU.ActiveCfg = Release|Any CPU
		{C390CCE7-1F76-4F2B-9749-0EEE5FC8576E}.Release|Any CPU.Build.0 = Release|Any CPU
	EndGlobalSection
	GlobalSection(SolutionProperties) = preSolution
		HideSolutionNode = FALSE
	EndGlobalSection
	GlobalSection(ExtensibilityGlobals) = postSolution
		SolutionGuid = {D7D865DC-86B4-4A87-BF26-C3135DD92063}
	EndGlobalSection
EndGlobal
