
Microsoft Visual Studio Solution File, Format Version 12.00
# Visual Studio Version 16
VisualStudioVersion = 16.0.30804.86
MinimumVisualStudioVersion = 10.0.40219.1
Project("{FAE04EC0-301F-11D3-BF4B-00C04F79EFBC}") = "5-Action", "5-Action\5-Action.csproj", "{0B8EFEE7-C90A-492F-9566-BB924350E19F}"
EndProject
Global
	GlobalSection(SolutionConfigurationPlatforms) = preSolution
		Debug|Any CPU = Debug|Any CPU
		Release|Any CPU = Release|Any CPU
	EndGlobalSection
	GlobalSection(ProjectConfigurationPlatforms) = postSolution
		{0B8EFEE7-C90A-492F-9566-BB924350E19F}.Debug|Any CPU.ActiveCfg = Debug|Any CPU
		{0B8EFEE7-C90A-492F-9566-BB924350E19F}.Debug|Any CPU.Build.0 = Debug|Any CPU
		{0B8EFEE7-C90A-492F-9566-BB924350E19F}.Release|Any CPU.ActiveCfg = Release|Any CPU
		{0B8EFEE7-C90A-492F-9566-BB924350E19F}.Release|Any CPU.Build.0 = Release|Any CPU
	EndGlobalSection
	GlobalSection(SolutionProperties) = preSolution
		HideSolutionNode = FALSE
	EndGlobalSection
	GlobalSection(ExtensibilityGlobals) = postSolution
		SolutionGuid = {A96B7E90-CB89-457F-AD16-D274CDFD0CA2}
	EndGlobalSection
EndGlobal
