
Microsoft Visual Studio Solution File, Format Version 12.00
# Visual Studio Version 16
VisualStudioVersion = 16.0.30804.86
MinimumVisualStudioVersion = 10.0.40219.1
Project("{FAE04EC0-301F-11D3-BF4B-00C04F79EFBC}") = "3-exerc", "3-exerc\3-exerc.csproj", "{30FD2B9B-9AF1-43BE-B363-722D47A67429}"
EndProject
Global
	GlobalSection(SolutionConfigurationPlatforms) = preSolution
		Debug|Any CPU = Debug|Any CPU
		Release|Any CPU = Release|Any CPU
	EndGlobalSection
	GlobalSection(ProjectConfigurationPlatforms) = postSolution
		{30FD2B9B-9AF1-43BE-B363-722D47A67429}.Debug|Any CPU.ActiveCfg = Debug|Any CPU
		{30FD2B9B-9AF1-43BE-B363-722D47A67429}.Debug|Any CPU.Build.0 = Debug|Any CPU
		{30FD2B9B-9AF1-43BE-B363-722D47A67429}.Release|Any CPU.ActiveCfg = Release|Any CPU
		{30FD2B9B-9AF1-43BE-B363-722D47A67429}.Release|Any CPU.Build.0 = Release|Any CPU
	EndGlobalSection
	GlobalSection(SolutionProperties) = preSolution
		HideSolutionNode = FALSE
	EndGlobalSection
	GlobalSection(ExtensibilityGlobals) = postSolution
		SolutionGuid = {E8924E24-E0F8-427C-9769-26A615AFD1AD}
	EndGlobalSection
EndGlobal
