
Microsoft Visual Studio Solution File, Format Version 12.00
# Visual Studio Version 16
VisualStudioVersion = 16.0.30804.86
MinimumVisualStudioVersion = 10.0.40219.1
Project("{FAE04EC0-301F-11D3-BF4B-00C04F79EFBC}") = "3-Exerc", "3-Exerc\3-Exerc.csproj", "{C6D3F6D4-47AC-4B66-AA8D-FF4ABEEC116E}"
EndProject
Global
	GlobalSection(SolutionConfigurationPlatforms) = preSolution
		Debug|Any CPU = Debug|Any CPU
		Release|Any CPU = Release|Any CPU
	EndGlobalSection
	GlobalSection(ProjectConfigurationPlatforms) = postSolution
		{C6D3F6D4-47AC-4B66-AA8D-FF4ABEEC116E}.Debug|Any CPU.ActiveCfg = Debug|Any CPU
		{C6D3F6D4-47AC-4B66-AA8D-FF4ABEEC116E}.Debug|Any CPU.Build.0 = Debug|Any CPU
		{C6D3F6D4-47AC-4B66-AA8D-FF4ABEEC116E}.Release|Any CPU.ActiveCfg = Release|Any CPU
		{C6D3F6D4-47AC-4B66-AA8D-FF4ABEEC116E}.Release|Any CPU.Build.0 = Release|Any CPU
	EndGlobalSection
	GlobalSection(SolutionProperties) = preSolution
		HideSolutionNode = FALSE
	EndGlobalSection
	GlobalSection(ExtensibilityGlobals) = postSolution
		SolutionGuid = {C8BA6B7B-6BA0-46DF-9EB2-452D382B193F}
	EndGlobalSection
EndGlobal
