
Microsoft Visual Studio Solution File, Format Version 12.00
# Visual Studio Version 16
VisualStudioVersion = 16.0.30804.86
MinimumVisualStudioVersion = 10.0.40219.1
Project("{FAE04EC0-301F-11D3-BF4B-00C04F79EFBC}") = "2-Exerc-Fixacao", "2-Exerc-Fixacao\2-Exerc-Fixacao.csproj", "{23B42FCD-DB76-4AE9-A0CC-FA22EADB36B9}"
EndProject
Global
	GlobalSection(SolutionConfigurationPlatforms) = preSolution
		Debug|Any CPU = Debug|Any CPU
		Release|Any CPU = Release|Any CPU
	EndGlobalSection
	GlobalSection(ProjectConfigurationPlatforms) = postSolution
		{23B42FCD-DB76-4AE9-A0CC-FA22EADB36B9}.Debug|Any CPU.ActiveCfg = Debug|Any CPU
		{23B42FCD-DB76-4AE9-A0CC-FA22EADB36B9}.Debug|Any CPU.Build.0 = Debug|Any CPU
		{23B42FCD-DB76-4AE9-A0CC-FA22EADB36B9}.Release|Any CPU.ActiveCfg = Release|Any CPU
		{23B42FCD-DB76-4AE9-A0CC-FA22EADB36B9}.Release|Any CPU.Build.0 = Release|Any CPU
	EndGlobalSection
	GlobalSection(SolutionProperties) = preSolution
		HideSolutionNode = FALSE
	EndGlobalSection
	GlobalSection(ExtensibilityGlobals) = postSolution
		SolutionGuid = {6D3200B6-0DA7-4756-A9D8-C65E04AACA77}
	EndGlobalSection
EndGlobal
