
Microsoft Visual Studio Solution File, Format Version 12.00
# Visual Studio Version 16
VisualStudioVersion = 16.0.30804.86
MinimumVisualStudioVersion = 10.0.40219.1
Project("{FAE04EC0-301F-11D3-BF4B-00C04F79EFBC}") = "1-Exerc", "1-Exerc\1-Exerc.csproj", "{68066C2A-2F3C-425B-ABE1-D90CEA09776E}"
EndProject
Global
	GlobalSection(SolutionConfigurationPlatforms) = preSolution
		Debug|Any CPU = Debug|Any CPU
		Release|Any CPU = Release|Any CPU
	EndGlobalSection
	GlobalSection(ProjectConfigurationPlatforms) = postSolution
		{68066C2A-2F3C-425B-ABE1-D90CEA09776E}.Debug|Any CPU.ActiveCfg = Debug|Any CPU
		{68066C2A-2F3C-425B-ABE1-D90CEA09776E}.Debug|Any CPU.Build.0 = Debug|Any CPU
		{68066C2A-2F3C-425B-ABE1-D90CEA09776E}.Release|Any CPU.ActiveCfg = Release|Any CPU
		{68066C2A-2F3C-425B-ABE1-D90CEA09776E}.Release|Any CPU.Build.0 = Release|Any CPU
	EndGlobalSection
	GlobalSection(SolutionProperties) = preSolution
		HideSolutionNode = FALSE
	EndGlobalSection
	GlobalSection(ExtensibilityGlobals) = postSolution
		SolutionGuid = {4A0F4BE8-F19B-4E54-B539-68D4BEDB3377}
	EndGlobalSection
EndGlobal
