
Microsoft Visual Studio Solution File, Format Version 12.00
# Visual Studio Version 16
VisualStudioVersion = 16.0.30804.86
MinimumVisualStudioVersion = 10.0.40219.1
Project("{FAE04EC0-301F-11D3-BF4B-00C04F79EFBC}") = "2.2-Exerc", "2.2-Exerc\2.2-Exerc.csproj", "{06342726-137B-4FB1-96BC-6EE1A81E6F17}"
EndProject
Global
	GlobalSection(SolutionConfigurationPlatforms) = preSolution
		Debug|Any CPU = Debug|Any CPU
		Release|Any CPU = Release|Any CPU
	EndGlobalSection
	GlobalSection(ProjectConfigurationPlatforms) = postSolution
		{06342726-137B-4FB1-96BC-6EE1A81E6F17}.Debug|Any CPU.ActiveCfg = Debug|Any CPU
		{06342726-137B-4FB1-96BC-6EE1A81E6F17}.Debug|Any CPU.Build.0 = Debug|Any CPU
		{06342726-137B-4FB1-96BC-6EE1A81E6F17}.Release|Any CPU.ActiveCfg = Release|Any CPU
		{06342726-137B-4FB1-96BC-6EE1A81E6F17}.Release|Any CPU.Build.0 = Release|Any CPU
	EndGlobalSection
	GlobalSection(SolutionProperties) = preSolution
		HideSolutionNode = FALSE
	EndGlobalSection
	GlobalSection(ExtensibilityGlobals) = postSolution
		SolutionGuid = {B7B12151-3398-4A39-A9CE-7FA528F9730A}
	EndGlobalSection
EndGlobal
