
Microsoft Visual Studio Solution File, Format Version 12.00
# Visual Studio Version 16
VisualStudioVersion = 16.0.30804.86
MinimumVisualStudioVersion = 10.0.40219.1
Project("{FAE04EC0-301F-11D3-BF4B-00C04F79EFBC}") = "4-Predicate", "4-Predicate\4-Predicate.csproj", "{E4705B50-0154-4281-8134-4F50E5A19DC9}"
EndProject
Global
	GlobalSection(SolutionConfigurationPlatforms) = preSolution
		Debug|Any CPU = Debug|Any CPU
		Release|Any CPU = Release|Any CPU
	EndGlobalSection
	GlobalSection(ProjectConfigurationPlatforms) = postSolution
		{E4705B50-0154-4281-8134-4F50E5A19DC9}.Debug|Any CPU.ActiveCfg = Debug|Any CPU
		{E4705B50-0154-4281-8134-4F50E5A19DC9}.Debug|Any CPU.Build.0 = Debug|Any CPU
		{E4705B50-0154-4281-8134-4F50E5A19DC9}.Release|Any CPU.ActiveCfg = Release|Any CPU
		{E4705B50-0154-4281-8134-4F50E5A19DC9}.Release|Any CPU.Build.0 = Release|Any CPU
	EndGlobalSection
	GlobalSection(SolutionProperties) = preSolution
		HideSolutionNode = FALSE
	EndGlobalSection
	GlobalSection(ExtensibilityGlobals) = postSolution
		SolutionGuid = {386A35A1-9BE9-464C-9773-CDB2E6A5EC45}
	EndGlobalSection
EndGlobal
