
Microsoft Visual Studio Solution File, Format Version 12.00
# Visual Studio Version 16
VisualStudioVersion = 16.0.30804.86
MinimumVisualStudioVersion = 10.0.40219.1
Project("{FAE04EC0-301F-11D3-BF4B-00C04F79EFBC}") = "1.3-Exerc", "1.3-Exerc\1.3-Exerc.csproj", "{4A21D49E-1EA3-44D6-A7CD-BD67EA6E3197}"
EndProject
Global
	GlobalSection(SolutionConfigurationPlatforms) = preSolution
		Debug|Any CPU = Debug|Any CPU
		Release|Any CPU = Release|Any CPU
	EndGlobalSection
	GlobalSection(ProjectConfigurationPlatforms) = postSolution
		{4A21D49E-1EA3-44D6-A7CD-BD67EA6E3197}.Debug|Any CPU.ActiveCfg = Debug|Any CPU
		{4A21D49E-1EA3-44D6-A7CD-BD67EA6E3197}.Debug|Any CPU.Build.0 = Debug|Any CPU
		{4A21D49E-1EA3-44D6-A7CD-BD67EA6E3197}.Release|Any CPU.ActiveCfg = Release|Any CPU
		{4A21D49E-1EA3-44D6-A7CD-BD67EA6E3197}.Release|Any CPU.Build.0 = Release|Any CPU
	EndGlobalSection
	GlobalSection(SolutionProperties) = preSolution
		HideSolutionNode = FALSE
	EndGlobalSection
	GlobalSection(ExtensibilityGlobals) = postSolution
		SolutionGuid = {F4286A31-BCDC-4625-A6EE-1E8568BA43D4}
	EndGlobalSection
EndGlobal
