
Microsoft Visual Studio Solution File, Format Version 12.00
# Visual Studio Version 16
VisualStudioVersion = 16.0.30804.86
MinimumVisualStudioVersion = 10.0.40219.1
Project("{FAE04EC0-301F-11D3-BF4B-00C04F79EFBC}") = "2-Delegates", "2-Delegates\2-Delegates.csproj", "{711D5AD3-D9B0-4B85-A5F4-530FC426DFB2}"
EndProject
Global
	GlobalSection(SolutionConfigurationPlatforms) = preSolution
		Debug|Any CPU = Debug|Any CPU
		Release|Any CPU = Release|Any CPU
	EndGlobalSection
	GlobalSection(ProjectConfigurationPlatforms) = postSolution
		{711D5AD3-D9B0-4B85-A5F4-530FC426DFB2}.Debug|Any CPU.ActiveCfg = Debug|Any CPU
		{711D5AD3-D9B0-4B85-A5F4-530FC426DFB2}.Debug|Any CPU.Build.0 = Debug|Any CPU
		{711D5AD3-D9B0-4B85-A5F4-530FC426DFB2}.Release|Any CPU.ActiveCfg = Release|Any CPU
		{711D5AD3-D9B0-4B85-A5F4-530FC426DFB2}.Release|Any CPU.Build.0 = Release|Any CPU
	EndGlobalSection
	GlobalSection(SolutionProperties) = preSolution
		HideSolutionNode = FALSE
	EndGlobalSection
	GlobalSection(ExtensibilityGlobals) = postSolution
		SolutionGuid = {C386BB3E-CD82-49C5-A225-82A868B4B056}
	EndGlobalSection
EndGlobal
